PODS:
  - Nimble (7.0.3)
  - Quick (1.2.0)
  - RxCocoa (4.1.2):
    - RxSwift (~> 4.0)
  - RxSwift (4.1.2)
  - SpecLeaks (0.1.0):
    - Nimble
    - Quick
  - SwiftLint (0.25.1)

DEPENDENCIES:
  - Nimble (~> 7.0.2)
  - Quick (~> 1.2.0)
  - RxCocoa
  - RxSwift
  - SpecLeaks (from `../`)
  - SwiftLint

SPEC REPOS:
  https://github.com/cocoapods/specs.git:
    - Nimble
    - Quick
    - RxCocoa
    - RxSwift
    - SwiftLint

EXTERNAL SOURCES:
  SpecLeaks:
    :path: "../"

SPEC CHECKSUMS:
  Nimble: 7f5a9c447a33002645a071bddafbfb24ea70e0ac
  Quick: 58d203b1c5e27fff7229c4c1ae445ad7069a7a08
  RxCocoa: d88ba0f1f6abf040011a9eb4b539324fc426843a
  RxSwift: e49536837d9901277638493ea537394d4b55f570
  SpecLeaks: ad1e107146cd007c606c434174a551b98fbe92ef
  SwiftLint: ce933681be10c3266e82576dad676fa815a602e9

PODFILE CHECKSUM: e643a6ffcb4c1a2026c6e323951e94cd8b9c9f58

COCOAPODS: 1.5.3
