PODS:
  - Nimble (7.3.1)
  - Quick (1.3.2)
  - RxAtomic (4.4.0)
  - RxCocoa (4.4.0):
    - RxSwift (~> 4.0)
  - RxSwift (4.4.0):
    - RxAtomic (~> 4.4)
  - SpecLeaks (0.1.2):
    - Nimble
    - Quick

DEPENDENCIES:
  - Nimble
  - Quick
  - RxCocoa
  - RxSwift
  - SpecLeaks (from `../`)

SPEC REPOS:
  https://github.com/cocoapods/specs.git:
    - Nimble
    - Quick
    - RxAtomic
    - RxCocoa
    - RxSwift

EXTERNAL SOURCES:
  SpecLeaks:
    :path: "../"

SPEC CHECKSUMS:
  Nimble: 04f732da099ea4d153122aec8c2a88fd0c7219ae
  Quick: 2623cb30d7a7f41ca62f684f679586558f483d46
  RxAtomic: eacf60db868c96bfd63320e28619fe29c179656f
  RxCocoa: df63ebf7b9a70d6b4eeea407ed5dd4efc8979749
  RxSwift: 5976ecd04fc2fefd648827c23de5e11157faa973
  SpecLeaks: d63df3d217e0bcc8bcc17fa615339f04f5f2cb95

PODFILE CHECKSUM: c8d9503777022da81ee19ce643651c1b5128ba67

COCOAPODS: 1.5.3
